// !$*UTF8*$!
{
	archiveVersion = 1;
	classes = {
	};
	objectVersion = 50;
	objects = {

/* Begin PBXBuildFile section */
		51096736252F215A00EBFF5E /* FilterList+Controller.swift in Sources */ = {isa = PBXBuildFile; fileRef = 51096735252F215A00EBFF5E /* FilterList+Controller.swift */; };
		5109673E252F21D400EBFF5E /* General.swift in Sources */ = {isa = PBXBuildFile; fileRef = 5109673D252F21D400EBFF5E /* General.swift */; };
		5109673F252F21D400EBFF5E /* General.swift in Sources */ = {isa = PBXBuildFile; fileRef = 5109673D252F21D400EBFF5E /* General.swift */; };
		51096747252F222000EBFF5E /* Make.swift in Sources */ = {isa = PBXBuildFile; fileRef = 51096746252F222000EBFF5E /* Make.swift */; };
		51096748252F222000EBFF5E /* Make.swift in Sources */ = {isa = PBXBuildFile; fileRef = 51096746252F222000EBFF5E /* Make.swift */; };
		5109674E252F22BE00EBFF5E /* FilterList+View.swift in Sources */ = {isa = PBXBuildFile; fileRef = 5109674D252F22BE00EBFF5E /* FilterList+View.swift */; };
		51096753252F232100EBFF5E /* FilterList.swift in Sources */ = {isa = PBXBuildFile; fileRef = 51096752252F232100EBFF5E /* FilterList.swift */; };
		51096765252F244600EBFF5E /* Filter.swift in Sources */ = {isa = PBXBuildFile; fileRef = 51096764252F244600EBFF5E /* Filter.swift */; };
		51096766252F244600EBFF5E /* Filter.swift in Sources */ = {isa = PBXBuildFile; fileRef = 51096764252F244600EBFF5E /* Filter.swift */; };
		5109676D252F280900EBFF5E /* ShareReplay.swift in Sources */ = {isa = PBXBuildFile; fileRef = 5109676C252F280900EBFF5E /* ShareReplay.swift */; };
		51096778252F28E100EBFF5E /* Combine+Extensions.swift in Sources */ = {isa = PBXBuildFile; fileRef = 51096777252F28E100EBFF5E /* Combine+Extensions.swift */; };
		5109677F252F2F1F00EBFF5E /* FilterSummaryCell.swift in Sources */ = {isa = PBXBuildFile; fileRef = 5109677E252F2F1F00EBFF5E /* FilterSummaryCell.swift */; };
		5109678D252F300600EBFF5E /* OpenSans-SemiBold.ttf in Resources */ = {isa = PBXBuildFile; fileRef = 51096786252F300600EBFF5E /* OpenSans-SemiBold.ttf */; };
		5109678E252F300600EBFF5E /* Comfortaa-Bold.ttf in Resources */ = {isa = PBXBuildFile; fileRef = 51096787252F300600EBFF5E /* Comfortaa-Bold.ttf */; };
		51096790252F300600EBFF5E /* OpenSans-Regular.ttf in Resources */ = {isa = PBXBuildFile; fileRef = 51096789252F300600EBFF5E /* OpenSans-Regular.ttf */; };
		51096792252F300600EBFF5E /* OpenSans-Bold.ttf in Resources */ = {isa = PBXBuildFile; fileRef = 5109678B252F300600EBFF5E /* OpenSans-Bold.ttf */; };
		51096798252F305700EBFF5E /* Fonts.swift in Sources */ = {isa = PBXBuildFile; fileRef = 51096797252F305700EBFF5E /* Fonts.swift */; };
		51292F8D2531213A00825F6C /* CardView.swift in Sources */ = {isa = PBXBuildFile; fileRef = 51292F8C2531213A00825F6C /* CardView.swift */; };
		51292F912531255C00825F6C /* Copy.strings in Resources */ = {isa = PBXBuildFile; fileRef = 51292F902531255C00825F6C /* Copy.strings */; };
		51292F95253131B300825F6C /* FilterListHeaderView.swift in Sources */ = {isa = PBXBuildFile; fileRef = 51292F94253131B300825F6C /* FilterListHeaderView.swift */; };
		51292F9F25317A6E00825F6C /* FilterDataSource.swift in Sources */ = {isa = PBXBuildFile; fileRef = 51292F9E25317A6E00825F6C /* FilterDataSource.swift */; };
		51292FA025317A6E00825F6C /* FilterDataSource.swift in Sources */ = {isa = PBXBuildFile; fileRef = 51292F9E25317A6E00825F6C /* FilterDataSource.swift */; };
		51292FA625317B0B00825F6C /* DiskDataSource.swift in Sources */ = {isa = PBXBuildFile; fileRef = 51292FA525317B0B00825F6C /* DiskDataSource.swift */; };
		51292FA725317B0B00825F6C /* DiskDataSource.swift in Sources */ = {isa = PBXBuildFile; fileRef = 51292FA525317B0B00825F6C /* DiskDataSource.swift */; };
		51292FB325318A6400825F6C /* FilterInterpreter.swift in Sources */ = {isa = PBXBuildFile; fileRef = 51292FB225318A6400825F6C /* FilterInterpreter.swift */; };
		51292FB425318A6400825F6C /* FilterInterpreter.swift in Sources */ = {isa = PBXBuildFile; fileRef = 51292FB225318A6400825F6C /* FilterInterpreter.swift */; };
		51292FBA2531BDED00825F6C /* AggregateFilterInterpreter.swift in Sources */ = {isa = PBXBuildFile; fileRef = 51292FB92531BDED00825F6C /* AggregateFilterInterpreter.swift */; };
		51292FBB2531BDED00825F6C /* AggregateFilterInterpreter.swift in Sources */ = {isa = PBXBuildFile; fileRef = 51292FB92531BDED00825F6C /* AggregateFilterInterpreter.swift */; };
		51292FBF2531C01000825F6C /* FilterDetail.swift in Sources */ = {isa = PBXBuildFile; fileRef = 51292FBE2531C01000825F6C /* FilterDetail.swift */; };
		51292FC32531C01A00825F6C /* FilterDetail+View.swift in Sources */ = {isa = PBXBuildFile; fileRef = 51292FC22531C01A00825F6C /* FilterDetail+View.swift */; };
		51292FC72531C02200825F6C /* FilterDetail+ViewController.swift in Sources */ = {isa = PBXBuildFile; fileRef = 51292FC62531C02200825F6C /* FilterDetail+ViewController.swift */; };
		51292FCB2531C02800825F6C /* FilterDetail+Controller.swift in Sources */ = {isa = PBXBuildFile; fileRef = 51292FCA2531C02800825F6C /* FilterDetail+Controller.swift */; };
		51292FCF2531C6AA00825F6C /* ListView.swift in Sources */ = {isa = PBXBuildFile; fileRef = 51292FCE2531C6AA00825F6C /* ListView.swift */; };
		51292FD52531CB8700825F6C /* UIControl+Extensions.swift in Sources */ = {isa = PBXBuildFile; fileRef = 51292FD42531CB8700825F6C /* UIControl+Extensions.swift */; };
		512A329225302CD000173FCC /* NSLayoutConstraint+Extensions.swift in Sources */ = {isa = PBXBuildFile; fileRef = 512A329125302CD000173FCC /* NSLayoutConstraint+Extensions.swift */; };
		512A329625302DC600173FCC /* CommonMetrics.swift in Sources */ = {isa = PBXBuildFile; fileRef = 512A329525302DC600173FCC /* CommonMetrics.swift */; };
		512A329E253030AF00173FCC /* NavigationBar.swift in Sources */ = {isa = PBXBuildFile; fileRef = 512A329D253030AF00173FCC /* NavigationBar.swift */; };
		512A32A22530320E00173FCC /* Colors.swift in Sources */ = {isa = PBXBuildFile; fileRef = 512A32A12530320E00173FCC /* Colors.swift */; };
		512A32B125303A4300173FCC /* Views.swift in Sources */ = {isa = PBXBuildFile; fileRef = 512A32B025303A4300173FCC /* Views.swift */; };
		512A32BD2530602600173FCC /* Array+Extensions.swift in Sources */ = {isa = PBXBuildFile; fileRef = 512A32BC2530602600173FCC /* Array+Extensions.swift */; };
		51500ADB2532762A00C50B50 /* CardTitleTextField.swift in Sources */ = {isa = PBXBuildFile; fileRef = 51500ADA2532762A00C50B50 /* CardTitleTextField.swift */; };
		51500AE42532787300C50B50 /* CardValueTextView.swift in Sources */ = {isa = PBXBuildFile; fileRef = 51500AE32532787300C50B50 /* CardValueTextView.swift */; };
		51500AED25328E2D00C50B50 /* OpenSans-SemiBoldItalic.ttf in Resources */ = {isa = PBXBuildFile; fileRef = 51500AEC25328E2D00C50B50 /* OpenSans-SemiBoldItalic.ttf */; };
		51500AF32532B76A00C50B50 /* Regex.swift in Sources */ = {isa = PBXBuildFile; fileRef = 51500AF22532B76A00C50B50 /* Regex.swift */; };
		51500AF42532B76A00C50B50 /* Regex.swift in Sources */ = {isa = PBXBuildFile; fileRef = 51500AF22532B76A00C50B50 /* Regex.swift */; };
		51500AF82532BB9800C50B50 /* BigButton.swift in Sources */ = {isa = PBXBuildFile; fileRef = 51500AF72532BB9800C50B50 /* BigButton.swift */; };
		51500B0425330A9A00C50B50 /* SettingsExampleViewController.swift in Sources */ = {isa = PBXBuildFile; fileRef = 51500B0325330A9A00C50B50 /* SettingsExampleViewController.swift */; };
		51500B0A2533114900C50B50 /* BaseViewController.swift in Sources */ = {isa = PBXBuildFile; fileRef = 51500B092533114900C50B50 /* BaseViewController.swift */; };
		51EC2ACE251094AC0076BBFC /* AppDelegate.swift in Sources */ = {isa = PBXBuildFile; fileRef = 51EC2ACD251094AC0076BBFC /* AppDelegate.swift */; };
		51EC2AD0251094AC0076BBFC /* SceneDelegate.swift in Sources */ = {isa = PBXBuildFile; fileRef = 51EC2ACF251094AC0076BBFC /* SceneDelegate.swift */; };
		51EC2AD2251094AC0076BBFC /* FilterList+ViewController.swift in Sources */ = {isa = PBXBuildFile; fileRef = 51EC2AD1251094AC0076BBFC /* FilterList+ViewController.swift */; };
		51EC2AD7251094AE0076BBFC /* Assets.xcassets in Resources */ = {isa = PBXBuildFile; fileRef = 51EC2AD6251094AE0076BBFC /* Assets.xcassets */; };
		51EC2ADA251094AE0076BBFC /* LaunchScreen.storyboard in Resources */ = {isa = PBXBuildFile; fileRef = 51EC2AD8251094AE0076BBFC /* LaunchScreen.storyboard */; };
		51EC2AE8251094E70076BBFC /* MessageFilterExtension.swift in Sources */ = {isa = PBXBuildFile; fileRef = 51EC2AE7251094E70076BBFC /* MessageFilterExtension.swift */; };
		51EC2AEC251094E70076BBFC /* MessageFilter.appex in Embed App Extensions */ = {isa = PBXBuildFile; fileRef = 51EC2AE5251094E70076BBFC /* MessageFilter.appex */; settings = {ATTRIBUTES = (RemoveHeadersOnCopy, ); }; };
/* End PBXBuildFile section */

/* Begin PBXContainerItemProxy section */
		51EC2AEA251094E70076BBFC /* PBXContainerItemProxy */ = {
			isa = PBXContainerItemProxy;
			containerPortal = 51EC2AC2251094AC0076BBFC /* Project object */;
			proxyType = 1;
			remoteGlobalIDString = 51EC2AE4251094E70076BBFC;
			remoteInfo = MessageFilter;
		};
/* End PBXContainerItemProxy section */

/* Begin PBXCopyFilesBuildPhase section */
		51EC2AF0251094E70076BBFC /* Embed App Extensions */ = {
			isa = PBXCopyFilesBuildPhase;
			buildActionMask = 2147483647;
			dstPath = "";
			dstSubfolderSpec = 13;
			files = (
				51EC2AEC251094E70076BBFC /* MessageFilter.appex in Embed App Extensions */,
			);
			name = "Embed App Extensions";
			runOnlyForDeploymentPostprocessing = 0;
		};
/* End PBXCopyFilesBuildPhase section */

/* Begin PBXFileReference section */
		51096735252F215A00EBFF5E /* FilterList+Controller.swift */ = {isa = PBXFileReference; lastKnownFileType = sourcecode.swift; path = "FilterList+Controller.swift"; sourceTree = "<group>"; };
		5109673D252F21D400EBFF5E /* General.swift */ = {isa = PBXFileReference; fileEncoding = 4; lastKnownFileType = sourcecode.swift; path = General.swift; sourceTree = "<group>"; };
		51096746252F222000EBFF5E /* Make.swift */ = {isa = PBXFileReference; lastKnownFileType = sourcecode.swift; path = Make.swift; sourceTree = "<group>"; };
		5109674D252F22BE00EBFF5E /* FilterList+View.swift */ = {isa = PBXFileReference; lastKnownFileType = sourcecode.swift; path = "FilterList+View.swift"; sourceTree = "<group>"; };
		51096752252F232100EBFF5E /* FilterList.swift */ = {isa = PBXFileReference; lastKnownFileType = sourcecode.swift; path = FilterList.swift; sourceTree = "<group>"; };
		51096764252F244600EBFF5E /* Filter.swift */ = {isa = PBXFileReference; lastKnownFileType = sourcecode.swift; path = Filter.swift; sourceTree = "<group>"; };
		5109676C252F280900EBFF5E /* ShareReplay.swift */ = {isa = PBXFileReference; lastKnownFileType = sourcecode.swift; path = ShareReplay.swift; sourceTree = "<group>"; };
		51096777252F28E100EBFF5E /* Combine+Extensions.swift */ = {isa = PBXFileReference; lastKnownFileType = sourcecode.swift; path = "Combine+Extensions.swift"; sourceTree = "<group>"; };
		5109677E252F2F1F00EBFF5E /* FilterSummaryCell.swift */ = {isa = PBXFileReference; lastKnownFileType = sourcecode.swift; path = FilterSummaryCell.swift; sourceTree = "<group>"; };
		51096786252F300600EBFF5E /* OpenSans-SemiBold.ttf */ = {isa = PBXFileReference; lastKnownFileType = file; path = "OpenSans-SemiBold.ttf"; sourceTree = "<group>"; };
		51096787252F300600EBFF5E /* Comfortaa-Bold.ttf */ = {isa = PBXFileReference; lastKnownFileType = file; path = "Comfortaa-Bold.ttf"; sourceTree = "<group>"; };
		51096789252F300600EBFF5E /* OpenSans-Regular.ttf */ = {isa = PBXFileReference; lastKnownFileType = file; path = "OpenSans-Regular.ttf"; sourceTree = "<group>"; };
		5109678B252F300600EBFF5E /* OpenSans-Bold.ttf */ = {isa = PBXFileReference; lastKnownFileType = file; path = "OpenSans-Bold.ttf"; sourceTree = "<group>"; };
		51096797252F305700EBFF5E /* Fonts.swift */ = {isa = PBXFileReference; lastKnownFileType = sourcecode.swift; path = Fonts.swift; sourceTree = "<group>"; };
		51292F8C2531213A00825F6C /* CardView.swift */ = {isa = PBXFileReference; lastKnownFileType = sourcecode.swift; path = CardView.swift; sourceTree = "<group>"; };
		51292F902531255C00825F6C /* Copy.strings */ = {isa = PBXFileReference; lastKnownFileType = text.plist.strings; path = Copy.strings; sourceTree = "<group>"; };
		51292F94253131B300825F6C /* FilterListHeaderView.swift */ = {isa = PBXFileReference; lastKnownFileType = sourcecode.swift; path = FilterListHeaderView.swift; sourceTree = "<group>"; };
		51292F9E25317A6E00825F6C /* FilterDataSource.swift */ = {isa = PBXFileReference; lastKnownFileType = sourcecode.swift; path = FilterDataSource.swift; sourceTree = "<group>"; };
		51292FA525317B0B00825F6C /* DiskDataSource.swift */ = {isa = PBXFileReference; lastKnownFileType = sourcecode.swift; path = DiskDataSource.swift; sourceTree = "<group>"; };
		51292FAA253182E200825F6C /* Blocky.entitlements */ = {isa = PBXFileReference; lastKnownFileType = text.plist.entitlements; path = Blocky.entitlements; sourceTree = "<group>"; };
		51292FAD2531832200825F6C /* MessageFilter.entitlements */ = {isa = PBXFileReference; lastKnownFileType = text.plist.entitlements; path = MessageFilter.entitlements; sourceTree = "<group>"; };
		51292FB225318A6400825F6C /* FilterInterpreter.swift */ = {isa = PBXFileReference; lastKnownFileType = sourcecode.swift; path = FilterInterpreter.swift; sourceTree = "<group>"; };
		51292FB92531BDED00825F6C /* AggregateFilterInterpreter.swift */ = {isa = PBXFileReference; lastKnownFileType = sourcecode.swift; path = AggregateFilterInterpreter.swift; sourceTree = "<group>"; };
		51292FBE2531C01000825F6C /* FilterDetail.swift */ = {isa = PBXFileReference; lastKnownFileType = sourcecode.swift; path = FilterDetail.swift; sourceTree = "<group>"; };
		51292FC22531C01A00825F6C /* FilterDetail+View.swift */ = {isa = PBXFileReference; lastKnownFileType = sourcecode.swift; path = "FilterDetail+View.swift"; sourceTree = "<group>"; };
		51292FC62531C02200825F6C /* FilterDetail+ViewController.swift */ = {isa = PBXFileReference; lastKnownFileType = sourcecode.swift; path = "FilterDetail+ViewController.swift"; sourceTree = "<group>"; };
		51292FCA2531C02800825F6C /* FilterDetail+Controller.swift */ = {isa = PBXFileReference; lastKnownFileType = sourcecode.swift; path = "FilterDetail+Controller.swift"; sourceTree = "<group>"; };
		51292FCE2531C6AA00825F6C /* ListView.swift */ = {isa = PBXFileReference; lastKnownFileType = sourcecode.swift; path = ListView.swift; sourceTree = "<group>"; };
		51292FD42531CB8700825F6C /* UIControl+Extensions.swift */ = {isa = PBXFileReference; lastKnownFileType = sourcecode.swift; path = "UIControl+Extensions.swift"; sourceTree = "<group>"; };
		512A329125302CD000173FCC /* NSLayoutConstraint+Extensions.swift */ = {isa = PBXFileReference; lastKnownFileType = sourcecode.swift; path = "NSLayoutConstraint+Extensions.swift"; sourceTree = "<group>"; };
		512A329525302DC600173FCC /* CommonMetrics.swift */ = {isa = PBXFileReference; lastKnownFileType = sourcecode.swift; path = CommonMetrics.swift; sourceTree = "<group>"; };
		512A329D253030AF00173FCC /* NavigationBar.swift */ = {isa = PBXFileReference; lastKnownFileType = sourcecode.swift; path = NavigationBar.swift; sourceTree = "<group>"; };
		512A32A12530320E00173FCC /* Colors.swift */ = {isa = PBXFileReference; lastKnownFileType = sourcecode.swift; path = Colors.swift; sourceTree = "<group>"; };
		512A32B025303A4300173FCC /* Views.swift */ = {isa = PBXFileReference; lastKnownFileType = sourcecode.swift; path = Views.swift; sourceTree = "<group>"; };
		512A32BC2530602600173FCC /* Array+Extensions.swift */ = {isa = PBXFileReference; lastKnownFileType = sourcecode.swift; path = "Array+Extensions.swift"; sourceTree = "<group>"; };
		51500ADA2532762A00C50B50 /* CardTitleTextField.swift */ = {isa = PBXFileReference; lastKnownFileType = sourcecode.swift; path = CardTitleTextField.swift; sourceTree = "<group>"; };
		51500AE32532787300C50B50 /* CardValueTextView.swift */ = {isa = PBXFileReference; lastKnownFileType = sourcecode.swift; path = CardValueTextView.swift; sourceTree = "<group>"; };
		51500AEC25328E2D00C50B50 /* OpenSans-SemiBoldItalic.ttf */ = {isa = PBXFileReference; lastKnownFileType = file; name = "OpenSans-SemiBoldItalic.ttf"; path = "../../../../../../../private/tmp/Open_Sans 2/OpenSans-SemiBoldItalic.ttf"; sourceTree = "<group>"; };
		51500AF22532B76A00C50B50 /* Regex.swift */ = {isa = PBXFileReference; lastKnownFileType = sourcecode.swift; path = Regex.swift; sourceTree = "<group>"; };
		51500AF72532BB9800C50B50 /* BigButton.swift */ = {isa = PBXFileReference; lastKnownFileType = sourcecode.swift; path = BigButton.swift; sourceTree = "<group>"; };
		51500B0325330A9A00C50B50 /* SettingsExampleViewController.swift */ = {isa = PBXFileReference; lastKnownFileType = sourcecode.swift; path = SettingsExampleViewController.swift; sourceTree = "<group>"; };
		51500B092533114900C50B50 /* BaseViewController.swift */ = {isa = PBXFileReference; lastKnownFileType = sourcecode.swift; path = BaseViewController.swift; sourceTree = "<group>"; };
		51EC2ACA251094AC0076BBFC /* Blocky.app */ = {isa = PBXFileReference; explicitFileType = wrapper.application; includeInIndex = 0; path = Blocky.app; sourceTree = BUILT_PRODUCTS_DIR; };
		51EC2ACD251094AC0076BBFC /* AppDelegate.swift */ = {isa = PBXFileReference; lastKnownFileType = sourcecode.swift; path = AppDelegate.swift; sourceTree = "<group>"; };
		51EC2ACF251094AC0076BBFC /* SceneDelegate.swift */ = {isa = PBXFileReference; lastKnownFileType = sourcecode.swift; path = SceneDelegate.swift; sourceTree = "<group>"; };
		51EC2AD1251094AC0076BBFC /* FilterList+ViewController.swift */ = {isa = PBXFileReference; lastKnownFileType = sourcecode.swift; path = "FilterList+ViewController.swift"; sourceTree = "<group>"; };
		51EC2AD6251094AE0076BBFC /* Assets.xcassets */ = {isa = PBXFileReference; lastKnownFileType = folder.assetcatalog; path = Assets.xcassets; sourceTree = "<group>"; };
		51EC2AD9251094AE0076BBFC /* Base */ = {isa = PBXFileReference; lastKnownFileType = file.storyboard; name = Base; path = Base.lproj/LaunchScreen.storyboard; sourceTree = "<group>"; };
		51EC2ADB251094AE0076BBFC /* Info.plist */ = {isa = PBXFileReference; lastKnownFileType = text.plist.xml; path = Info.plist; sourceTree = "<group>"; };
		51EC2AE5251094E70076BBFC /* MessageFilter.appex */ = {isa = PBXFileReference; explicitFileType = "wrapper.app-extension"; includeInIndex = 0; path = MessageFilter.appex; sourceTree = BUILT_PRODUCTS_DIR; };
		51EC2AE7251094E70076BBFC /* MessageFilterExtension.swift */ = {isa = PBXFileReference; lastKnownFileType = sourcecode.swift; path = MessageFilterExtension.swift; sourceTree = "<group>"; };
		51EC2AE9251094E70076BBFC /* Info.plist */ = {isa = PBXFileReference; lastKnownFileType = text.plist.xml; path = Info.plist; sourceTree = "<group>"; };
/* End PBXFileReference section */

/* Begin PBXFrameworksBuildPhase section */
		51EC2AC7251094AC0076BBFC /* Frameworks */ = {
			isa = PBXFrameworksBuildPhase;
			buildActionMask = 2147483647;
			files = (
			);
			runOnlyForDeploymentPostprocessing = 0;
		};
		51EC2AE2251094E70076BBFC /* Frameworks */ = {
			isa = PBXFrameworksBuildPhase;
			buildActionMask = 2147483647;
			files = (
			);
			runOnlyForDeploymentPostprocessing = 0;
		};
/* End PBXFrameworksBuildPhase section */

/* Begin PBXGroup section */
		5109672F252F11B200EBFF5E /* Scenes */ = {
			isa = PBXGroup;
			children = (
				51096732252F214500EBFF5E /* FilterList */,
				51292F9C25317A3E00825F6C /* FilterDetail */,
				51500B0225330A7900C50B50 /* SettingsExample */,
			);
			path = Scenes;
			sourceTree = "<group>";
		};
		51096732252F214500EBFF5E /* FilterList */ = {
			isa = PBXGroup;
			children = (
				51096752252F232100EBFF5E /* FilterList.swift */,
				5109674D252F22BE00EBFF5E /* FilterList+View.swift */,
				51EC2AD1251094AC0076BBFC /* FilterList+ViewController.swift */,
				51096735252F215A00EBFF5E /* FilterList+Controller.swift */,
			);
			path = FilterList;
			sourceTree = "<group>";
		};
		51096739252F21B500EBFF5E /* Common */ = {
			isa = PBXGroup;
			children = (
				51096764252F244600EBFF5E /* Filter.swift */,
				51292FB225318A6400825F6C /* FilterInterpreter.swift */,
				51292FB92531BDED00825F6C /* AggregateFilterInterpreter.swift */,
				51500AF22532B76A00C50B50 /* Regex.swift */,
				51096761252F243500EBFF5E /* Infra */,
			);
			path = Common;
			sourceTree = "<group>";
		};
		51096761252F243500EBFF5E /* Infra */ = {
			isa = PBXGroup;
			children = (
				5109673D252F21D400EBFF5E /* General.swift */,
				51096746252F222000EBFF5E /* Make.swift */,
				51292F9D25317A5A00825F6C /* Datasources */,
			);
			path = Infra;
			sourceTree = "<group>";
		};
		5109676B252F27FC00EBFF5E /* ThirdParty */ = {
			isa = PBXGroup;
			children = (
				5109676C252F280900EBFF5E /* ShareReplay.swift */,
			);
			path = ThirdParty;
			sourceTree = "<group>";
		};
		51096773252F28B400EBFF5E /* Infra */ = {
			isa = PBXGroup;
			children = (
				51096776252F28C700EBFF5E /* Extensions */,
				5109676B252F27FC00EBFF5E /* ThirdParty */,
			);
			path = Infra;
			sourceTree = "<group>";
		};
		51096776252F28C700EBFF5E /* Extensions */ = {
			isa = PBXGroup;
			children = (
				51096777252F28E100EBFF5E /* Combine+Extensions.swift */,
				512A32BC2530602600173FCC /* Array+Extensions.swift */,
				512A329125302CD000173FCC /* NSLayoutConstraint+Extensions.swift */,
				51292FD42531CB8700825F6C /* UIControl+Extensions.swift */,
			);
			path = Extensions;
			sourceTree = "<group>";
		};
		5109677D252F2F0D00EBFF5E /* UIComponents */ = {
			isa = PBXGroup;
			children = (
				512A32AD25303A3600173FCC /* Styles */,
				5109677E252F2F1F00EBFF5E /* FilterSummaryCell.swift */,
				51292F94253131B300825F6C /* FilterListHeaderView.swift */,
				51292F8C2531213A00825F6C /* CardView.swift */,
				51500AF72532BB9800C50B50 /* BigButton.swift */,
				512A329525302DC600173FCC /* CommonMetrics.swift */,
				512A329D253030AF00173FCC /* NavigationBar.swift */,
				51292FCE2531C6AA00825F6C /* ListView.swift */,
				51500B092533114900C50B50 /* BaseViewController.swift */,
			);
			path = UIComponents;
			sourceTree = "<group>";
		};
		51096784252F2FE600EBFF5E /* Resources */ = {
			isa = PBXGroup;
			children = (
				51292F902531255C00825F6C /* Copy.strings */,
				51096787252F300600EBFF5E /* Comfortaa-Bold.ttf */,
				5109678B252F300600EBFF5E /* OpenSans-Bold.ttf */,
				51500AEC25328E2D00C50B50 /* OpenSans-SemiBoldItalic.ttf */,
				51096789252F300600EBFF5E /* OpenSans-Regular.ttf */,
				51096786252F300600EBFF5E /* OpenSans-SemiBold.ttf */,
				51EC2AD6251094AE0076BBFC /* Assets.xcassets */,
				51EC2AD8251094AE0076BBFC /* LaunchScreen.storyboard */,
			);
			path = Resources;
			sourceTree = "<group>";
		};
		51292F9C25317A3E00825F6C /* FilterDetail */ = {
			isa = PBXGroup;
			children = (
				51292FBE2531C01000825F6C /* FilterDetail.swift */,
				51292FC22531C01A00825F6C /* FilterDetail+View.swift */,
				51292FC62531C02200825F6C /* FilterDetail+ViewController.swift */,
				51292FCA2531C02800825F6C /* FilterDetail+Controller.swift */,
				51500AE0253277E800C50B50 /* Components */,
			);
			path = FilterDetail;
			sourceTree = "<group>";
		};
		51292F9D25317A5A00825F6C /* Datasources */ = {
			isa = PBXGroup;
			children = (
				51292F9E25317A6E00825F6C /* FilterDataSource.swift */,
				51292FA525317B0B00825F6C /* DiskDataSource.swift */,
			);
			path = Datasources;
			sourceTree = "<group>";
		};
		512A32AD25303A3600173FCC /* Styles */ = {
			isa = PBXGroup;
			children = (
				51096797252F305700EBFF5E /* Fonts.swift */,
				512A32A12530320E00173FCC /* Colors.swift */,
				512A32B025303A4300173FCC /* Views.swift */,
			);
			path = Styles;
			sourceTree = "<group>";
		};
		51500AE0253277E800C50B50 /* Components */ = {
			isa = PBXGroup;
			children = (
				51500ADA2532762A00C50B50 /* CardTitleTextField.swift */,
				51500AE32532787300C50B50 /* CardValueTextView.swift */,
			);
			path = Components;
			sourceTree = "<group>";
		};
		51500B0225330A7900C50B50 /* SettingsExample */ = {
			isa = PBXGroup;
			children = (
				51500B0325330A9A00C50B50 /* SettingsExampleViewController.swift */,
			);
			path = SettingsExample;
			sourceTree = "<group>";
		};
		51EC2AC1251094AC0076BBFC = {
			isa = PBXGroup;
			children = (
				51096739252F21B500EBFF5E /* Common */,
				51EC2ACC251094AC0076BBFC /* Blocky */,
				51EC2AE6251094E70076BBFC /* MessageFilter */,
				51EC2ACB251094AC0076BBFC /* Products */,
			);
			sourceTree = "<group>";
		};
		51EC2ACB251094AC0076BBFC /* Products */ = {
			isa = PBXGroup;
			children = (
				51EC2ACA251094AC0076BBFC /* Blocky.app */,
				51EC2AE5251094E70076BBFC /* MessageFilter.appex */,
			);
			name = Products;
			sourceTree = "<group>";
		};
		51EC2ACC251094AC0076BBFC /* Blocky */ = {
			isa = PBXGroup;
			children = (
				51292FAA253182E200825F6C /* Blocky.entitlements */,
				51EC2ADB251094AE0076BBFC /* Info.plist */,
				51EC2ACD251094AC0076BBFC /* AppDelegate.swift */,
				51EC2ACF251094AC0076BBFC /* SceneDelegate.swift */,
				5109677D252F2F0D00EBFF5E /* UIComponents */,
				5109672F252F11B200EBFF5E /* Scenes */,
				51096773252F28B400EBFF5E /* Infra */,
				51096784252F2FE600EBFF5E /* Resources */,
			);
			path = Blocky;
			sourceTree = "<group>";
		};
		51EC2AE6251094E70076BBFC /* MessageFilter */ = {
			isa = PBXGroup;
			children = (
				51292FAD2531832200825F6C /* MessageFilter.entitlements */,
				51EC2AE7251094E70076BBFC /* MessageFilterExtension.swift */,
				51EC2AE9251094E70076BBFC /* Info.plist */,
			);
			path = MessageFilter;
			sourceTree = "<group>";
		};
/* End PBXGroup section */

/* Begin PBXNativeTarget section */
		51EC2AC9251094AC0076BBFC /* Blocky */ = {
			isa = PBXNativeTarget;
			buildConfigurationList = 51EC2ADE251094AE0076BBFC /* Build configuration list for PBXNativeTarget "Blocky" */;
			buildPhases = (
				51EC2AC6251094AC0076BBFC /* Sources */,
				51EC2AC7251094AC0076BBFC /* Frameworks */,
				51EC2AC8251094AC0076BBFC /* Resources */,
				51EC2AF0251094E70076BBFC /* Embed App Extensions */,
			);
			buildRules = (
			);
			dependencies = (
				51EC2AEB251094E70076BBFC /* PBXTargetDependency */,
			);
			name = Blocky;
			productName = Blocky;
			productReference = 51EC2ACA251094AC0076BBFC /* Blocky.app */;
			productType = "com.apple.product-type.application";
		};
		51EC2AE4251094E70076BBFC /* MessageFilter */ = {
			isa = PBXNativeTarget;
			buildConfigurationList = 51EC2AED251094E70076BBFC /* Build configuration list for PBXNativeTarget "MessageFilter" */;
			buildPhases = (
				51EC2AE1251094E70076BBFC /* Sources */,
				51EC2AE2251094E70076BBFC /* Frameworks */,
				51EC2AE3251094E70076BBFC /* Resources */,
			);
			buildRules = (
			);
			dependencies = (
			);
			name = MessageFilter;
			productName = MessageFilter;
			productReference = 51EC2AE5251094E70076BBFC /* MessageFilter.appex */;
			productType = "com.apple.product-type.app-extension";
		};
/* End PBXNativeTarget section */

/* Begin PBXProject section */
		51EC2AC2251094AC0076BBFC /* Project object */ = {
			isa = PBXProject;
			attributes = {
				LastSwiftUpdateCheck = 1170;
				LastUpgradeCheck = 1170;
				ORGANIZATIONNAME = "Chuquimian Productions";
				TargetAttributes = {
					51EC2AC9251094AC0076BBFC = {
						CreatedOnToolsVersion = 11.7;
					};
					51EC2AE4251094E70076BBFC = {
						CreatedOnToolsVersion = 11.7;
					};
				};
			};
			buildConfigurationList = 51EC2AC5251094AC0076BBFC /* Build configuration list for PBXProject "Blocky" */;
			compatibilityVersion = "Xcode 9.3";
			developmentRegion = en;
			hasScannedForEncodings = 0;
			knownRegions = (
				en,
				Base,
			);
			mainGroup = 51EC2AC1251094AC0076BBFC;
			productRefGroup = 51EC2ACB251094AC0076BBFC /* Products */;
			projectDirPath = "";
			projectRoot = "";
			targets = (
				51EC2AC9251094AC0076BBFC /* Blocky */,
				51EC2AE4251094E70076BBFC /* MessageFilter */,
			);
		};
/* End PBXProject section */

/* Begin PBXResourcesBuildPhase section */
		51EC2AC8251094AC0076BBFC /* Resources */ = {
			isa = PBXResourcesBuildPhase;
			buildActionMask = 2147483647;
			files = (
				51500AED25328E2D00C50B50 /* OpenSans-SemiBoldItalic.ttf in Resources */,
				5109678D252F300600EBFF5E /* OpenSans-SemiBold.ttf in Resources */,
				5109678E252F300600EBFF5E /* Comfortaa-Bold.ttf in Resources */,
				51096790252F300600EBFF5E /* OpenSans-Regular.ttf in Resources */,
				51096792252F300600EBFF5E /* OpenSans-Bold.ttf in Resources */,
				51EC2ADA251094AE0076BBFC /* LaunchScreen.storyboard in Resources */,
				51EC2AD7251094AE0076BBFC /* Assets.xcassets in Resources */,
				51292F912531255C00825F6C /* Copy.strings in Resources */,
			);
			runOnlyForDeploymentPostprocessing = 0;
		};
		51EC2AE3251094E70076BBFC /* Resources */ = {
			isa = PBXResourcesBuildPhase;
			buildActionMask = 2147483647;
			files = (
			);
			runOnlyForDeploymentPostprocessing = 0;
		};
/* End PBXResourcesBuildPhase section */

/* Begin PBXSourcesBuildPhase section */
		51EC2AC6251094AC0076BBFC /* Sources */ = {
			isa = PBXSourcesBuildPhase;
			buildActionMask = 2147483647;
			files = (
				512A32B125303A4300173FCC /* Views.swift in Sources */,
				5109676D252F280900EBFF5E /* ShareReplay.swift in Sources */,
				51292FCF2531C6AA00825F6C /* ListView.swift in Sources */,
				51292F9F25317A6E00825F6C /* FilterDataSource.swift in Sources */,
				51500AF82532BB9800C50B50 /* BigButton.swift in Sources */,
				51292F95253131B300825F6C /* FilterListHeaderView.swift in Sources */,
				512A329225302CD000173FCC /* NSLayoutConstraint+Extensions.swift in Sources */,
				51EC2AD2251094AC0076BBFC /* FilterList+ViewController.swift in Sources */,
				512A32A22530320E00173FCC /* Colors.swift in Sources */,
				51500AE42532787300C50B50 /* CardValueTextView.swift in Sources */,
				51292FD52531CB8700825F6C /* UIControl+Extensions.swift in Sources */,
				51500B0A2533114900C50B50 /* BaseViewController.swift in Sources */,
				51292FC32531C01A00825F6C /* FilterDetail+View.swift in Sources */,
				512A329E253030AF00173FCC /* NavigationBar.swift in Sources */,
				51292FBF2531C01000825F6C /* FilterDetail.swift in Sources */,
				51EC2ACE251094AC0076BBFC /* AppDelegate.swift in Sources */,
				51292FB325318A6400825F6C /* FilterInterpreter.swift in Sources */,
				51292FA625317B0B00825F6C /* DiskDataSource.swift in Sources */,
				51292FCB2531C02800825F6C /* FilterDetail+Controller.swift in Sources */,
				5109674E252F22BE00EBFF5E /* FilterList+View.swift in Sources */,
				51096736252F215A00EBFF5E /* FilterList+Controller.swift in Sources */,
				51096753252F232100EBFF5E /* FilterList.swift in Sources */,
				51500ADB2532762A00C50B50 /* CardTitleTextField.swift in Sources */,
				512A32BD2530602600173FCC /* Array+Extensions.swift in Sources */,
				51096798252F305700EBFF5E /* Fonts.swift in Sources */,
				51500AF32532B76A00C50B50 /* Regex.swift in Sources */,
				51292FBA2531BDED00825F6C /* AggregateFilterInterpreter.swift in Sources */,
				51500B0425330A9A00C50B50 /* SettingsExampleViewController.swift in Sources */,
				51096778252F28E100EBFF5E /* Combine+Extensions.swift in Sources */,
				51096747252F222000EBFF5E /* Make.swift in Sources */,
				51292F8D2531213A00825F6C /* CardView.swift in Sources */,
				512A329625302DC600173FCC /* CommonMetrics.swift in Sources */,
				51EC2AD0251094AC0076BBFC /* SceneDelegate.swift in Sources */,
				51096765252F244600EBFF5E /* Filter.swift in Sources */,
				51292FC72531C02200825F6C /* FilterDetail+ViewController.swift in Sources */,
				5109677F252F2F1F00EBFF5E /* FilterSummaryCell.swift in Sources */,
				5109673E252F21D400EBFF5E /* General.swift in Sources */,
			);
			runOnlyForDeploymentPostprocessing = 0;
		};
		51EC2AE1251094E70076BBFC /* Sources */ = {
			isa = PBXSourcesBuildPhase;
			buildActionMask = 2147483647;
			files = (
				51292FBB2531BDED00825F6C /* AggregateFilterInterpreter.swift in Sources */,
				51292FA025317A6E00825F6C /* FilterDataSource.swift in Sources */,
				51292FB425318A6400825F6C /* FilterInterpreter.swift in Sources */,
				51096766252F244600EBFF5E /* Filter.swift in Sources */,
				51096748252F222000EBFF5E /* Make.swift in Sources */,
				51500AF42532B76A00C50B50 /* Regex.swift in Sources */,
				51292FA725317B0B00825F6C /* DiskDataSource.swift in Sources */,
				5109673F252F21D400EBFF5E /* General.swift in Sources */,
				51EC2AE8251094E70076BBFC /* MessageFilterExtension.swift in Sources */,
			);
			runOnlyForDeploymentPostprocessing = 0;
		};
/* End PBXSourcesBuildPhase section */

/* Begin PBXTargetDependency section */
		51EC2AEB251094E70076BBFC /* PBXTargetDependency */ = {
			isa = PBXTargetDependency;
			target = 51EC2AE4251094E70076BBFC /* MessageFilter */;
			targetProxy = 51EC2AEA251094E70076BBFC /* PBXContainerItemProxy */;
		};
/* End PBXTargetDependency section */

/* Begin PBXVariantGroup section */
		51EC2AD8251094AE0076BBFC /* LaunchScreen.storyboard */ = {
			isa = PBXVariantGroup;
			children = (
				51EC2AD9251094AE0076BBFC /* Base */,
			);
			name = LaunchScreen.storyboard;
			sourceTree = "<group>";
		};
/* End PBXVariantGroup section */

/* Begin XCBuildConfiguration section */
		51EC2ADC251094AE0076BBFC /* Debug */ = {
			isa = XCBuildConfiguration;
			buildSettings = {
				ALWAYS_SEARCH_USER_PATHS = NO;
				CLANG_ANALYZER_NONNULL = YES;
				CLANG_ANALYZER_NUMBER_OBJECT_CONVERSION = YES_AGGRESSIVE;
				CLANG_CXX_LANGUAGE_STANDARD = "gnu++14";
				CLANG_CXX_LIBRARY = "libc++";
				CLANG_ENABLE_MODULES = YES;
				CLANG_ENABLE_OBJC_ARC = YES;
				CLANG_ENABLE_OBJC_WEAK = YES;
				CLANG_WARN_BLOCK_CAPTURE_AUTORELEASING = YES;
				CLANG_WARN_BOOL_CONVERSION = YES;
				CLANG_WARN_COMMA = YES;
				CLANG_WARN_CONSTANT_CONVERSION = YES;
				CLANG_WARN_DEPRECATED_OBJC_IMPLEMENTATIONS = YES;
				CLANG_WARN_DIRECT_OBJC_ISA_USAGE = YES_ERROR;
				CLANG_WARN_DOCUMENTATION_COMMENTS = YES;
				CLANG_WARN_EMPTY_BODY = YES;
				CLANG_WARN_ENUM_CONVERSION = YES;
				CLANG_WARN_INFINITE_RECURSION = YES;
				CLANG_WARN_INT_CONVERSION = YES;
				CLANG_WARN_NON_LITERAL_NULL_CONVERSION = YES;
				CLANG_WARN_OBJC_IMPLICIT_RETAIN_SELF = YES;
				CLANG_WARN_OBJC_LITERAL_CONVERSION = YES;
				CLANG_WARN_OBJC_ROOT_CLASS = YES_ERROR;
				CLANG_WARN_RANGE_LOOP_ANALYSIS = YES;
				CLANG_WARN_STRICT_PROTOTYPES = YES;
				CLANG_WARN_SUSPICIOUS_MOVE = YES;
				CLANG_WARN_UNGUARDED_AVAILABILITY = YES_AGGRESSIVE;
				CLANG_WARN_UNREACHABLE_CODE = YES;
				CLANG_WARN__DUPLICATE_METHOD_MATCH = YES;
				COPY_PHASE_STRIP = NO;
				DEBUG_INFORMATION_FORMAT = dwarf;
				ENABLE_STRICT_OBJC_MSGSEND = YES;
				ENABLE_TESTABILITY = YES;
				GCC_C_LANGUAGE_STANDARD = gnu11;
				GCC_DYNAMIC_NO_PIC = NO;
				GCC_NO_COMMON_BLOCKS = YES;
				GCC_OPTIMIZATION_LEVEL = 0;
				GCC_PREPROCESSOR_DEFINITIONS = (
					"DEBUG=1",
					"$(inherited)",
				);
				GCC_WARN_64_TO_32_BIT_CONVERSION = YES;
				GCC_WARN_ABOUT_RETURN_TYPE = YES_ERROR;
				GCC_WARN_UNDECLARED_SELECTOR = YES;
				GCC_WARN_UNINITIALIZED_AUTOS = YES_AGGRESSIVE;
				GCC_WARN_UNUSED_FUNCTION = YES;
				GCC_WARN_UNUSED_VARIABLE = YES;
				IPHONEOS_DEPLOYMENT_TARGET = 13.7;
				MTL_ENABLE_DEBUG_INFO = INCLUDE_SOURCE;
				MTL_FAST_MATH = YES;
				ONLY_ACTIVE_ARCH = YES;
				SDKROOT = iphoneos;
				SWIFT_ACTIVE_COMPILATION_CONDITIONS = DEBUG;
				SWIFT_OPTIMIZATION_LEVEL = "-Onone";
			};
			name = Debug;
		};
		51EC2ADD251094AE0076BBFC /* Release */ = {
			isa = XCBuildConfiguration;
			buildSettings = {
				ALWAYS_SEARCH_USER_PATHS = NO;
				CLANG_ANALYZER_NONNULL = YES;
				CLANG_ANALYZER_NUMBER_OBJECT_CONVERSION = YES_AGGRESSIVE;
				CLANG_CXX_LANGUAGE_STANDARD = "gnu++14";
				CLANG_CXX_LIBRARY = "libc++";
				CLANG_ENABLE_MODULES = YES;
				CLANG_ENABLE_OBJC_ARC = YES;
				CLANG_ENABLE_OBJC_WEAK = YES;
				CLANG_WARN_BLOCK_CAPTURE_AUTORELEASING = YES;
				CLANG_WARN_BOOL_CONVERSION = YES;
				CLANG_WARN_COMMA = YES;
				CLANG_WARN_CONSTANT_CONVERSION = YES;
				CLANG_WARN_DEPRECATED_OBJC_IMPLEMENTATIONS = YES;
				CLANG_WARN_DIRECT_OBJC_ISA_USAGE = YES_ERROR;
				CLANG_WARN_DOCUMENTATION_COMMENTS = YES;
				CLANG_WARN_EMPTY_BODY = YES;
				CLANG_WARN_ENUM_CONVERSION = YES;
				CLANG_WARN_INFINITE_RECURSION = YES;
				CLANG_WARN_INT_CONVERSION = YES;
				CLANG_WARN_NON_LITERAL_NULL_CONVERSION = YES;
				CLANG_WARN_OBJC_IMPLICIT_RETAIN_SELF = YES;
				CLANG_WARN_OBJC_LITERAL_CONVERSION = YES;
				CLANG_WARN_OBJC_ROOT_CLASS = YES_ERROR;
				CLANG_WARN_RANGE_LOOP_ANALYSIS = YES;
				CLANG_WARN_STRICT_PROTOTYPES = YES;
				CLANG_WARN_SUSPICIOUS_MOVE = YES;
				CLANG_WARN_UNGUARDED_AVAILABILITY = YES_AGGRESSIVE;
				CLANG_WARN_UNREACHABLE_CODE = YES;
				CLANG_WARN__DUPLICATE_METHOD_MATCH = YES;
				COPY_PHASE_STRIP = NO;
				DEBUG_INFORMATION_FORMAT = "dwarf-with-dsym";
				ENABLE_NS_ASSERTIONS = NO;
				ENABLE_STRICT_OBJC_MSGSEND = YES;
				GCC_C_LANGUAGE_STANDARD = gnu11;
				GCC_NO_COMMON_BLOCKS = YES;
				GCC_WARN_64_TO_32_BIT_CONVERSION = YES;
				GCC_WARN_ABOUT_RETURN_TYPE = YES_ERROR;
				GCC_WARN_UNDECLARED_SELECTOR = YES;
				GCC_WARN_UNINITIALIZED_AUTOS = YES_AGGRESSIVE;
				GCC_WARN_UNUSED_FUNCTION = YES;
				GCC_WARN_UNUSED_VARIABLE = YES;
				IPHONEOS_DEPLOYMENT_TARGET = 13.7;
				MTL_ENABLE_DEBUG_INFO = NO;
				MTL_FAST_MATH = YES;
				SDKROOT = iphoneos;
				SWIFT_COMPILATION_MODE = wholemodule;
				SWIFT_OPTIMIZATION_LEVEL = "-O";
				VALIDATE_PRODUCT = YES;
			};
			name = Release;
		};
		51EC2ADF251094AE0076BBFC /* Debug */ = {
			isa = XCBuildConfiguration;
			buildSettings = {
				ALWAYS_EMBED_SWIFT_STANDARD_LIBRARIES = YES;
				ASSETCATALOG_COMPILER_APPICON_NAME = AppIcon;
				CODE_SIGN_ENTITLEMENTS = Blocky/Blocky.entitlements;
				CODE_SIGN_STYLE = Automatic;
				CURRENT_PROJECT_VERSION = 2;
				DEVELOPMENT_TEAM = AXFS8D8E46;
				INFOPLIST_FILE = Blocky/Info.plist;
				IPHONEOS_DEPLOYMENT_TARGET = 14.0;
				LD_RUNPATH_SEARCH_PATHS = (
					"$(inherited)",
					"@executable_path/Frameworks",
				);
				MARKETING_VERSION = 0.0.1;
				PRODUCT_BUNDLE_IDENTIFIER = com.chuqumianproductions.Blocky;
				PRODUCT_NAME = "$(TARGET_NAME)";
				SWIFT_VERSION = 5.0;
				TARGETED_DEVICE_FAMILY = "1,2";
			};
			name = Debug;
		};
		51EC2AE0251094AE0076BBFC /* Release */ = {
			isa = XCBuildConfiguration;
			buildSettings = {
				ALWAYS_EMBED_SWIFT_STANDARD_LIBRARIES = YES;
				ASSETCATALOG_COMPILER_APPICON_NAME = AppIcon;
				CODE_SIGN_ENTITLEMENTS = Blocky/Blocky.entitlements;
				CODE_SIGN_STYLE = Automatic;
				CURRENT_PROJECT_VERSION = 2;
				DEVELOPMENT_TEAM = AXFS8D8E46;
				INFOPLIST_FILE = Blocky/Info.plist;
				IPHONEOS_DEPLOYMENT_TARGET = 14.0;
				LD_RUNPATH_SEARCH_PATHS = (
					"$(inherited)",
					"@executable_path/Frameworks",
				);
				MARKETING_VERSION = 0.0.1;
				PRODUCT_BUNDLE_IDENTIFIER = com.chuqumianproductions.Blocky;
				PRODUCT_NAME = "$(TARGET_NAME)";
				SWIFT_VERSION = 5.0;
				TARGETED_DEVICE_FAMILY = "1,2";
			};
			name = Release;
		};
		51EC2AEE251094E70076BBFC /* Debug */ = {
			isa = XCBuildConfiguration;
			buildSettings = {
				CODE_SIGN_ENTITLEMENTS = MessageFilter/MessageFilter.entitlements;
				CODE_SIGN_STYLE = Automatic;
				CURRENT_PROJECT_VERSION = 2;
				DEVELOPMENT_TEAM = AXFS8D8E46;
				INFOPLIST_FILE = MessageFilter/Info.plist;
				LD_RUNPATH_SEARCH_PATHS = (
					"$(inherited)",
					"@executable_path/Frameworks",
					"@executable_path/../../Frameworks",
				);
				MARKETING_VERSION = 0.0.1;
				PRODUCT_BUNDLE_IDENTIFIER = com.chuqumianproductions.Blocky.MessageFilter;
				PRODUCT_NAME = "$(TARGET_NAME)";
				SKIP_INSTALL = YES;
				SWIFT_VERSION = 5.0;
				TARGETED_DEVICE_FAMILY = "1,2";
			};
			name = Debug;
		};
		51EC2AEF251094E70076BBFC /* Release */ = {
			isa = XCBuildConfiguration;
			buildSettings = {
				CODE_SIGN_ENTITLEMENTS = MessageFilter/MessageFilter.entitlements;
				CODE_SIGN_STYLE = Automatic;
				CURRENT_PROJECT_VERSION = 2;
				DEVELOPMENT_TEAM = AXFS8D8E46;
				INFOPLIST_FILE = MessageFilter/Info.plist;
				LD_RUNPATH_SEARCH_PATHS = (
					"$(inherited)",
					"@executable_path/Frameworks",
					"@executable_path/../../Frameworks",
				);
				MARKETING_VERSION = 0.0.1;
				PRODUCT_BUNDLE_IDENTIFIER = com.chuqumianproductions.Blocky.MessageFilter;
				PRODUCT_NAME = "$(TARGET_NAME)";
				SKIP_INSTALL = YES;
				SWIFT_VERSION = 5.0;
				TARGETED_DEVICE_FAMILY = "1,2";
			};
			name = Release;
		};
/* End XCBuildConfiguration section */

/* Begin XCConfigurationList section */
		51EC2AC5251094AC0076BBFC /* Build configuration list for PBXProject "Blocky" */ = {
			isa = XCConfigurationList;
			buildConfigurations = (
				51EC2ADC251094AE0076BBFC /* Debug */,
				51EC2ADD251094AE0076BBFC /* Release */,
			);
			defaultConfigurationIsVisible = 0;
			defaultConfigurationName = Release;
		};
		51EC2ADE251094AE0076BBFC /* Build configuration list for PBXNativeTarget "Blocky" */ = {
			isa = XCConfigurationList;
			buildConfigurations = (
				51EC2ADF251094AE0076BBFC /* Debug */,
				51EC2AE0251094AE0076BBFC /* Release */,
			);
			defaultConfigurationIsVisible = 0;
			defaultConfigurationName = Release;
		};
		51EC2AED251094E70076BBFC /* Build configuration list for PBXNativeTarget "MessageFilter" */ = {
			isa = XCConfigurationList;
			buildConfigurations = (
				51EC2AEE251094E70076BBFC /* Debug */,
				51EC2AEF251094E70076BBFC /* Release */,
			);
			defaultConfigurationIsVisible = 0;
			defaultConfigurationName = Release;
		};
/* End XCConfigurationList section */
	};
	rootObject = 51EC2AC2251094AC0076BBFC /* Project object */;
}
